
Microsoft Visual Studio Solution File, Format Version 12.00
# Visual Studio Version 16
VisualStudioVersion = 16.0.31005.135
MinimumVisualStudioVersion = 10.0.40219.1
Project("{FAE04EC0-301F-11D3-BF4B-00C04F79EFBC}") = "StudentTeendanceBackend", "StudentTeendanceBackend.csproj", "{9C6870EE-669C-4C40-A21E-820542A67697}"
EndProject
Global
	GlobalSection(SolutionConfigurationPlatforms) = preSolution
		Debug|Any CPU = Debug|Any CPU
		Release|Any CPU = Release|Any CPU
	EndGlobalSection
	GlobalSection(ProjectConfigurationPlatforms) = postSolution
		{9C6870EE-669C-4C40-A21E-820542A67697}.Debug|Any CPU.ActiveCfg = Debug|Any CPU
		{9C6870EE-669C-4C40-A21E-820542A67697}.Debug|Any CPU.Build.0 = Debug|Any CPU
		{9C6870EE-669C-4C40-A21E-820542A67697}.Release|Any CPU.ActiveCfg = Release|Any CPU
		{9C6870EE-669C-4C40-A21E-820542A67697}.Release|Any CPU.Build.0 = Release|Any CPU
	EndGlobalSection
	GlobalSection(SolutionProperties) = preSolution
		HideSolutionNode = FALSE
	EndGlobalSection
	GlobalSection(ExtensibilityGlobals) = postSolution
		SolutionGuid = {37E10A76-9E4F-47B4-A207-983E429D1C56}
	EndGlobalSection
EndGlobal
